
Microsoft Visual Studio Solution File, Format Version 12.00
Project("{FAE04EC0-301F-11D3-BF4B-00C04F79EFBC}") = "LeStudent", "LeStudent\LeStudent.csproj", "{83485D2B-EDA1-4AFE-8A11-F926D9E5C32C}"
EndProject
Global
	GlobalSection(SolutionConfigurationPlatforms) = preSolution
		Debug|Any CPU = Debug|Any CPU
		Release|Any CPU = Release|Any CPU
	EndGlobalSection
	GlobalSection(ProjectConfigurationPlatforms) = postSolution
		{83485D2B-EDA1-4AFE-8A11-F926D9E5C32C}.Debug|Any CPU.ActiveCfg = Debug|Any CPU
		{83485D2B-EDA1-4AFE-8A11-F926D9E5C32C}.Debug|Any CPU.Build.0 = Debug|Any CPU
		{83485D2B-EDA1-4AFE-8A11-F926D9E5C32C}.Release|Any CPU.ActiveCfg = Release|Any CPU
		{83485D2B-EDA1-4AFE-8A11-F926D9E5C32C}.Release|Any CPU.Build.0 = Release|Any CPU
	EndGlobalSection
EndGlobal
